<Solution>
  <Folder Name="/src/">
    <Project Path="src/Gitfs.Core/Gitfs.Core.csproj" />
    <Project Path="src/Gitfs.Vfs/Gitfs.Vfs.csproj" />
  </Folder>
  <Folder Name="/tests/">
    <Project Path="tests/Gitfs.Core.Tests/Gitfs.Core.Tests.csproj" />
    <Project Path="tests/Gitfs.Vfs.Tests/Gitfs.Vfs.Tests.csproj" />
  </Folder>
</Solution>
