<Solution>
  <Folder Name="/src/">
    <Project Path="src/Gitfs.App/Gitfs.App.csproj" />
    <Project Path="src/Gitfs.Cli/Gitfs.Cli.csproj" />
    <Project Path="src/Gitfs.Core/Gitfs.Core.csproj" />
    <Project Path="src/Gitfs.Diagnostics/Gitfs.Diagnostics.csproj" />
    <Project Path="src/Gitfs.Mount.Fuse/Gitfs.Mount.Fuse.csproj" />
    <Project Path="src/Gitfs.Mount.WinFsp/Gitfs.Mount.WinFsp.csproj" />
    <Project Path="src/Gitfs.Vfs/Gitfs.Vfs.csproj" />
  </Folder>
  <Folder Name="/tests/">
    <Project Path="tests/Gitfs.Core.Tests/Gitfs.Core.Tests.csproj" />
    <Project Path="tests/Gitfs.Diagnostics.Tests/Gitfs.Diagnostics.Tests.csproj" />
    <Project Path="tests/Gitfs.Load.Tests/Gitfs.Load.Tests.csproj" />
    <Project Path="tests/Gitfs.Mount.Fuse.Tests/Gitfs.Mount.Fuse.Tests.csproj" />
    <Project Path="tests/Gitfs.Mount.WinFsp.Tests/Gitfs.Mount.WinFsp.Tests.csproj" />
    <Project Path="tests/Gitfs.Vfs.Tests/Gitfs.Vfs.Tests.csproj" />
  </Folder>
  <Folder Name="/tools/">
    <Project Path="tools/Gitfs.Bench/Gitfs.Bench.csproj" />
  </Folder>
</Solution>
